
Microsoft Visual Studio Solution File, Format Version 12.00
# Visual Studio Version 17
VisualStudioVersion = 17.6.33723.286
MinimumVisualStudioVersion = 10.0.40219.1
Project("{8BC9CEB8-8B4A-11D0-8D11-00A0C91BC942}") = "DebtorsList", "DebtorsList\DebtorsList.vcxproj", "{AB259964-A64F-4084-BAA3-895BCFDF6F4E}"
EndProject
Global
	GlobalSection(SolutionConfigurationPlatforms) = preSolution
		Debug|x64 = Debug|x64
		Debug|x86 = Debug|x86
		Release|x64 = Release|x64
		Release|x86 = Release|x86
	EndGlobalSection
	GlobalSection(ProjectConfigurationPlatforms) = postSolution
		{AB259964-A64F-4084-BAA3-895BCFDF6F4E}.Debug|x64.ActiveCfg = Debug|x64
		{AB259964-A64F-4084-BAA3-895BCFDF6F4E}.Debug|x64.Build.0 = Debug|x64
		{AB259964-A64F-4084-BAA3-895BCFDF6F4E}.Debug|x86.ActiveCfg = Debug|Win32
		{AB259964-A64F-4084-BAA3-895BCFDF6F4E}.Debug|x86.Build.0 = Debug|Win32
		{AB259964-A64F-4084-BAA3-895BCFDF6F4E}.Release|x64.ActiveCfg = Release|x64
		{AB259964-A64F-4084-BAA3-895BCFDF6F4E}.Release|x64.Build.0 = Release|x64
		{AB259964-A64F-4084-BAA3-895BCFDF6F4E}.Release|x86.ActiveCfg = Release|Win32
		{AB259964-A64F-4084-BAA3-895BCFDF6F4E}.Release|x86.Build.0 = Release|Win32
	EndGlobalSection
	GlobalSection(SolutionProperties) = preSolution
		HideSolutionNode = FALSE
	EndGlobalSection
	GlobalSection(ExtensibilityGlobals) = postSolution
		SolutionGuid = {4DCAC32D-0C8A-4F6D-87B5-B37F383E467D}
	EndGlobalSection
EndGlobal
